
Microsoft Visual Studio Solution File, Format Version 12.00
# Visual Studio Version 16
VisualStudioVersion = 16.0.31911.196
MinimumVisualStudioVersion = 10.0.40219.1
Project("{FAE04EC0-301F-11D3-BF4B-00C04F79EFBC}") = "TehDeck", "TehDeck\TehDeck.csproj", "{EEFF0EDD-2C23-4F6E-BE63-85BA9FCC23E7}"
EndProject
Global
	GlobalSection(SolutionConfigurationPlatforms) = preSolution
		Debug|Any CPU = Debug|Any CPU
		Release|Any CPU = Release|Any CPU
	EndGlobalSection
	GlobalSection(ProjectConfigurationPlatforms) = postSolution
		{EEFF0EDD-2C23-4F6E-BE63-85BA9FCC23E7}.Debug|Any CPU.ActiveCfg = Debug|Any CPU
		{EEFF0EDD-2C23-4F6E-BE63-85BA9FCC23E7}.Debug|Any CPU.Build.0 = Debug|Any CPU
		{EEFF0EDD-2C23-4F6E-BE63-85BA9FCC23E7}.Release|Any CPU.ActiveCfg = Release|Any CPU
		{EEFF0EDD-2C23-4F6E-BE63-85BA9FCC23E7}.Release|Any CPU.Build.0 = Release|Any CPU
	EndGlobalSection
	GlobalSection(SolutionProperties) = preSolution
		HideSolutionNode = FALSE
	EndGlobalSection
	GlobalSection(ExtensibilityGlobals) = postSolution
		SolutionGuid = {0C45B06D-8CE0-463F-BF9D-F4D87332482A}
	EndGlobalSection
EndGlobal
